// !$*UTF8*$!
{
	archiveVersion = 1;
	classes = {
	};
	objectVersion = 50;
	objects = {

/* Begin PBXBuildFile section */
		2BC8C69622AE6AD800487066 /* AppDelegate.swift in Sources */ = {isa = PBXBuildFile; fileRef = 2BC8C69522AE6AD800487066 /* AppDelegate.swift */; };
		2BC8C69822AE6AD800487066 /* SceneDelegate.swift in Sources */ = {isa = PBXBuildFile; fileRef = 2BC8C69722AE6AD800487066 /* SceneDelegate.swift */; };
		2BC8C69A22AE6AD800487066 /* ViewController.swift in Sources */ = {isa = PBXBuildFile; fileRef = 2BC8C69922AE6AD800487066 /* ViewController.swift */; };
		2BC8C69D22AE6AD800487066 /* Main.storyboard in Resources */ = {isa = PBXBuildFile; fileRef = 2BC8C69B22AE6AD800487066 /* Main.storyboard */; };
		2BC8C69F22AE6AD900487066 /* Assets.xcassets in Resources */ = {isa = PBXBuildFile; fileRef = 2BC8C69E22AE6AD900487066 /* Assets.xcassets */; };
		2BC8C6A222AE6AD900487066 /* LaunchScreen.storyboard in Resources */ = {isa = PBXBuildFile; fileRef = 2BC8C6A022AE6AD900487066 /* LaunchScreen.storyboard */; };
		2BC8C6AA22AE725400487066 /* CardComponent.swift in Sources */ = {isa = PBXBuildFile; fileRef = 2BC8C6A922AE725400487066 /* CardComponent.swift */; };
/* End PBXBuildFile section */

/* Begin PBXFileReference section */
		2BC8C69222AE6AD800487066 /* VisionRecognizedTextDemo.app */ = {isa = PBXFileReference; explicitFileType = wrapper.application; includeInIndex = 0; path = VisionRecognizedTextDemo.app; sourceTree = BUILT_PRODUCTS_DIR; };
		2BC8C69522AE6AD800487066 /* AppDelegate.swift */ = {isa = PBXFileReference; lastKnownFileType = sourcecode.swift; path = AppDelegate.swift; sourceTree = "<group>"; };
		2BC8C69722AE6AD800487066 /* SceneDelegate.swift */ = {isa = PBXFileReference; lastKnownFileType = sourcecode.swift; path = SceneDelegate.swift; sourceTree = "<group>"; };
		2BC8C69922AE6AD800487066 /* ViewController.swift */ = {isa = PBXFileReference; lastKnownFileType = sourcecode.swift; path = ViewController.swift; sourceTree = "<group>"; };
		2BC8C69C22AE6AD800487066 /* Base */ = {isa = PBXFileReference; lastKnownFileType = file.storyboard; name = Base; path = Base.lproj/Main.storyboard; sourceTree = "<group>"; };
		2BC8C69E22AE6AD900487066 /* Assets.xcassets */ = {isa = PBXFileReference; lastKnownFileType = folder.assetcatalog; path = Assets.xcassets; sourceTree = "<group>"; };
		2BC8C6A122AE6AD900487066 /* Base */ = {isa = PBXFileReference; lastKnownFileType = file.storyboard; name = Base; path = Base.lproj/LaunchScreen.storyboard; sourceTree = "<group>"; };
		2BC8C6A322AE6AD900487066 /* Info.plist */ = {isa = PBXFileReference; lastKnownFileType = text.plist.xml; path = Info.plist; sourceTree = "<group>"; };
		2BC8C6A922AE725400487066 /* CardComponent.swift */ = {isa = PBXFileReference; lastKnownFileType = sourcecode.swift; path = CardComponent.swift; sourceTree = "<group>"; };
/* End PBXFileReference section */

/* Begin PBXFrameworksBuildPhase section */
		2BC8C68F22AE6AD800487066 /* Frameworks */ = {
			isa = PBXFrameworksBuildPhase;
			buildActionMask = 2147483647;
			files = (
			);
			runOnlyForDeploymentPostprocessing = 0;
		};
/* End PBXFrameworksBuildPhase section */

/* Begin PBXGroup section */
		2BC8C68922AE6AD800487066 = {
			isa = PBXGroup;
			children = (
				2BC8C69422AE6AD800487066 /* VisionRecognizedTextDemo */,
				2BC8C69322AE6AD800487066 /* Products */,
			);
			sourceTree = "<group>";
		};
		2BC8C69322AE6AD800487066 /* Products */ = {
			isa = PBXGroup;
			children = (
				2BC8C69222AE6AD800487066 /* VisionRecognizedTextDemo.app */,
			);
			name = Products;
			sourceTree = "<group>";
		};
		2BC8C69422AE6AD800487066 /* VisionRecognizedTextDemo */ = {
			isa = PBXGroup;
			children = (
				2BC8C69522AE6AD800487066 /* AppDelegate.swift */,
				2BC8C69722AE6AD800487066 /* SceneDelegate.swift */,
				2BC8C69922AE6AD800487066 /* ViewController.swift */,
				2BC8C6A922AE725400487066 /* CardComponent.swift */,
				2BC8C69B22AE6AD800487066 /* Main.storyboard */,
				2BC8C69E22AE6AD900487066 /* Assets.xcassets */,
				2BC8C6A022AE6AD900487066 /* LaunchScreen.storyboard */,
				2BC8C6A322AE6AD900487066 /* Info.plist */,
			);
			path = VisionRecognizedTextDemo;
			sourceTree = "<group>";
		};
/* End PBXGroup section */

/* Begin PBXNativeTarget section */
		2BC8C69122AE6AD800487066 /* VisionRecognizedTextDemo */ = {
			isa = PBXNativeTarget;
			buildConfigurationList = 2BC8C6A622AE6AD900487066 /* Build configuration list for PBXNativeTarget "VisionRecognizedTextDemo" */;
			buildPhases = (
				2BC8C68E22AE6AD800487066 /* Sources */,
				2BC8C68F22AE6AD800487066 /* Frameworks */,
				2BC8C69022AE6AD800487066 /* Resources */,
			);
			buildRules = (
			);
			dependencies = (
			);
			name = VisionRecognizedTextDemo;
			productName = VisionRecognizedTextDemo;
			productReference = 2BC8C69222AE6AD800487066 /* VisionRecognizedTextDemo.app */;
			productType = "com.apple.product-type.application";
		};
/* End PBXNativeTarget section */

/* Begin PBXProject section */
		2BC8C68A22AE6AD800487066 /* Project object */ = {
			isa = PBXProject;
			attributes = {
				LastSwiftUpdateCheck = 1100;
				LastUpgradeCheck = 1100;
				ORGANIZATIONNAME = "Ben Dodson";
				TargetAttributes = {
					2BC8C69122AE6AD800487066 = {
						CreatedOnToolsVersion = 11.0;
					};
				};
			};
			buildConfigurationList = 2BC8C68D22AE6AD800487066 /* Build configuration list for PBXProject "VisionRecognizedTextDemo" */;
			compatibilityVersion = "Xcode 9.3";
			developmentRegion = en;
			hasScannedForEncodings = 0;
			knownRegions = (
				en,
				Base,
			);
			mainGroup = 2BC8C68922AE6AD800487066;
			productRefGroup = 2BC8C69322AE6AD800487066 /* Products */;
			projectDirPath = "";
			projectRoot = "";
			targets = (
				2BC8C69122AE6AD800487066 /* VisionRecognizedTextDemo */,
			);
		};
/* End PBXProject section */

/* Begin PBXResourcesBuildPhase section */
		2BC8C69022AE6AD800487066 /* Resources */ = {
			isa = PBXResourcesBuildPhase;
			buildActionMask = 2147483647;
			files = (
				2BC8C6A222AE6AD900487066 /* LaunchScreen.storyboard in Resources */,
				2BC8C69F22AE6AD900487066 /* Assets.xcassets in Resources */,
				2BC8C69D22AE6AD800487066 /* Main.storyboard in Resources */,
			);
			runOnlyForDeploymentPostprocessing = 0;
		};
/* End PBXResourcesBuildPhase section */

/* Begin PBXSourcesBuildPhase section */
		2BC8C68E22AE6AD800487066 /* Sources */ = {
			isa = PBXSourcesBuildPhase;
			buildActionMask = 2147483647;
			files = (
				2BC8C69A22AE6AD800487066 /* ViewController.swift in Sources */,
				2BC8C69622AE6AD800487066 /* AppDelegate.swift in Sources */,
				2BC8C6AA22AE725400487066 /* CardComponent.swift in Sources */,
				2BC8C69822AE6AD800487066 /* SceneDelegate.swift in Sources */,
			);
			runOnlyForDeploymentPostprocessing = 0;
		};
/* End PBXSourcesBuildPhase section */

/* Begin PBXVariantGroup section */
		2BC8C69B22AE6AD800487066 /* Main.storyboard */ = {
			isa = PBXVariantGroup;
			children = (
				2BC8C69C22AE6AD800487066 /* Base */,
			);
			name = Main.storyboard;
			sourceTree = "<group>";
		};
		2BC8C6A022AE6AD900487066 /* LaunchScreen.storyboard */ = {
			isa = PBXVariantGroup;
			children = (
				2BC8C6A122AE6AD900487066 /* Base */,
			);
			name = LaunchScreen.storyboard;
			sourceTree = "<group>";
		};
/* End PBXVariantGroup section */

/* Begin XCBuildConfiguration section */
		2BC8C6A422AE6AD900487066 /* Debug */ = {
			isa = XCBuildConfiguration;
			buildSettings = {
				ALWAYS_SEARCH_USER_PATHS = NO;
				CLANG_ANALYZER_NONNULL = YES;
				CLANG_ANALYZER_NUMBER_OBJECT_CONVERSION = YES_AGGRESSIVE;
				CLANG_CXX_LANGUAGE_STANDARD = "gnu++14";
				CLANG_CXX_LIBRARY = "libc++";
				CLANG_ENABLE_MODULES = YES;
				CLANG_ENABLE_OBJC_ARC = YES;
				CLANG_ENABLE_OBJC_WEAK = YES;
				CLANG_WARN_BLOCK_CAPTURE_AUTORELEASING = YES;
				CLANG_WARN_BOOL_CONVERSION = YES;
				CLANG_WARN_COMMA = YES;
				CLANG_WARN_CONSTANT_CONVERSION = YES;
				CLANG_WARN_DEPRECATED_OBJC_IMPLEMENTATIONS = YES;
				CLANG_WARN_DIRECT_OBJC_ISA_USAGE = YES_ERROR;
				CLANG_WARN_DOCUMENTATION_COMMENTS = YES;
				CLANG_WARN_EMPTY_BODY = YES;
				CLANG_WARN_ENUM_CONVERSION = YES;
				CLANG_WARN_INFINITE_RECURSION = YES;
				CLANG_WARN_INT_CONVERSION = YES;
				CLANG_WARN_NON_LITERAL_NULL_CONVERSION = YES;
				CLANG_WARN_OBJC_IMPLICIT_RETAIN_SELF = YES;
				CLANG_WARN_OBJC_LITERAL_CONVERSION = YES;
				CLANG_WARN_OBJC_ROOT_CLASS = YES_ERROR;
				CLANG_WARN_RANGE_LOOP_ANALYSIS = YES;
				CLANG_WARN_STRICT_PROTOTYPES = YES;
				CLANG_WARN_SUSPICIOUS_MOVE = YES;
				CLANG_WARN_UNGUARDED_AVAILABILITY = YES_AGGRESSIVE;
				CLANG_WARN_UNREACHABLE_CODE = YES;
				CLANG_WARN__DUPLICATE_METHOD_MATCH = YES;
				COPY_PHASE_STRIP = NO;
				DEBUG_INFORMATION_FORMAT = dwarf;
				ENABLE_STRICT_OBJC_MSGSEND = YES;
				ENABLE_TESTABILITY = YES;
				GCC_C_LANGUAGE_STANDARD = gnu11;
				GCC_DYNAMIC_NO_PIC = NO;
				GCC_NO_COMMON_BLOCKS = YES;
				GCC_OPTIMIZATION_LEVEL = 0;
				GCC_PREPROCESSOR_DEFINITIONS = (
					"DEBUG=1",
					"$(inherited)",
				);
				GCC_WARN_64_TO_32_BIT_CONVERSION = YES;
				GCC_WARN_ABOUT_RETURN_TYPE = YES_ERROR;
				GCC_WARN_UNDECLARED_SELECTOR = YES;
				GCC_WARN_UNINITIALIZED_AUTOS = YES_AGGRESSIVE;
				GCC_WARN_UNUSED_FUNCTION = YES;
				GCC_WARN_UNUSED_VARIABLE = YES;
				IPHONEOS_DEPLOYMENT_TARGET = 13.0;
				MTL_ENABLE_DEBUG_INFO = INCLUDE_SOURCE;
				MTL_FAST_MATH = YES;
				ONLY_ACTIVE_ARCH = YES;
				SDKROOT = iphoneos;
				SWIFT_ACTIVE_COMPILATION_CONDITIONS = DEBUG;
				SWIFT_OPTIMIZATION_LEVEL = "-Onone";
			};
			name = Debug;
		};
		2BC8C6A522AE6AD900487066 /* Release */ = {
			isa = XCBuildConfiguration;
			buildSettings = {
				ALWAYS_SEARCH_USER_PATHS = NO;
				CLANG_ANALYZER_NONNULL = YES;
				CLANG_ANALYZER_NUMBER_OBJECT_CONVERSION = YES_AGGRESSIVE;
				CLANG_CXX_LANGUAGE_STANDARD = "gnu++14";
				CLANG_CXX_LIBRARY = "libc++";
				CLANG_ENABLE_MODULES = YES;
				CLANG_ENABLE_OBJC_ARC = YES;
				CLANG_ENABLE_OBJC_WEAK = YES;
				CLANG_WARN_BLOCK_CAPTURE_AUTORELEASING = YES;
				CLANG_WARN_BOOL_CONVERSION = YES;
				CLANG_WARN_COMMA = YES;
				CLANG_WARN_CONSTANT_CONVERSION = YES;
				CLANG_WARN_DEPRECATED_OBJC_IMPLEMENTATIONS = YES;
				CLANG_WARN_DIRECT_OBJC_ISA_USAGE = YES_ERROR;
				CLANG_WARN_DOCUMENTATION_COMMENTS = YES;
				CLANG_WARN_EMPTY_BODY = YES;
				CLANG_WARN_ENUM_CONVERSION = YES;
				CLANG_WARN_INFINITE_RECURSION = YES;
				CLANG_WARN_INT_CONVERSION = YES;
				CLANG_WARN_NON_LITERAL_NULL_CONVERSION = YES;
				CLANG_WARN_OBJC_IMPLICIT_RETAIN_SELF = YES;
				CLANG_WARN_OBJC_LITERAL_CONVERSION = YES;
				CLANG_WARN_OBJC_ROOT_CLASS = YES_ERROR;
				CLANG_WARN_RANGE_LOOP_ANALYSIS = YES;
				CLANG_WARN_STRICT_PROTOTYPES = YES;
				CLANG_WARN_SUSPICIOUS_MOVE = YES;
				CLANG_WARN_UNGUARDED_AVAILABILITY = YES_AGGRESSIVE;
				CLANG_WARN_UNREACHABLE_CODE = YES;
				CLANG_WARN__DUPLICATE_METHOD_MATCH = YES;
				COPY_PHASE_STRIP = NO;
				DEBUG_INFORMATION_FORMAT = "dwarf-with-dsym";
				ENABLE_NS_ASSERTIONS = NO;
				ENABLE_STRICT_OBJC_MSGSEND = YES;
				GCC_C_LANGUAGE_STANDARD = gnu11;
				GCC_NO_COMMON_BLOCKS = YES;
				GCC_WARN_64_TO_32_BIT_CONVERSION = YES;
				GCC_WARN_ABOUT_RETURN_TYPE = YES_ERROR;
				GCC_WARN_UNDECLARED_SELECTOR = YES;
				GCC_WARN_UNINITIALIZED_AUTOS = YES_AGGRESSIVE;
				GCC_WARN_UNUSED_FUNCTION = YES;
				GCC_WARN_UNUSED_VARIABLE = YES;
				IPHONEOS_DEPLOYMENT_TARGET = 13.0;
				MTL_ENABLE_DEBUG_INFO = NO;
				MTL_FAST_MATH = YES;
				SDKROOT = iphoneos;
				SWIFT_COMPILATION_MODE = wholemodule;
				SWIFT_OPTIMIZATION_LEVEL = "-O";
				VALIDATE_PRODUCT = YES;
			};
			name = Release;
		};
		2BC8C6A722AE6AD900487066 /* Debug */ = {
			isa = XCBuildConfiguration;
			buildSettings = {
				ASSETCATALOG_COMPILER_APPICON_NAME = AppIcon;
				CODE_SIGN_STYLE = Automatic;
				DEVELOPMENT_TEAM = 59Z77N5UCT;
				INFOPLIST_FILE = VisionRecognizedTextDemo/Info.plist;
				LD_RUNPATH_SEARCH_PATHS = (
					"$(inherited)",
					"@executable_path/Frameworks",
				);
				PRODUCT_BUNDLE_IDENTIFIER = com.bendodson.VisionRecognizedTextDemo;
				PRODUCT_NAME = "$(TARGET_NAME)";
				SWIFT_VERSION = 5.0;
				TARGETED_DEVICE_FAMILY = "1,2";
			};
			name = Debug;
		};
		2BC8C6A822AE6AD900487066 /* Release */ = {
			isa = XCBuildConfiguration;
			buildSettings = {
				ASSETCATALOG_COMPILER_APPICON_NAME = AppIcon;
				CODE_SIGN_STYLE = Automatic;
				DEVELOPMENT_TEAM = 59Z77N5UCT;
				INFOPLIST_FILE = VisionRecognizedTextDemo/Info.plist;
				LD_RUNPATH_SEARCH_PATHS = (
					"$(inherited)",
					"@executable_path/Frameworks",
				);
				PRODUCT_BUNDLE_IDENTIFIER = com.bendodson.VisionRecognizedTextDemo;
				PRODUCT_NAME = "$(TARGET_NAME)";
				SWIFT_VERSION = 5.0;
				TARGETED_DEVICE_FAMILY = "1,2";
			};
			name = Release;
		};
/* End XCBuildConfiguration section */

/* Begin XCConfigurationList section */
		2BC8C68D22AE6AD800487066 /* Build configuration list for PBXProject "VisionRecognizedTextDemo" */ = {
			isa = XCConfigurationList;
			buildConfigurations = (
				2BC8C6A422AE6AD900487066 /* Debug */,
				2BC8C6A522AE6AD900487066 /* Release */,
			);
			defaultConfigurationIsVisible = 0;
			defaultConfigurationName = Release;
		};
		2BC8C6A622AE6AD900487066 /* Build configuration list for PBXNativeTarget "VisionRecognizedTextDemo" */ = {
			isa = XCConfigurationList;
			buildConfigurations = (
				2BC8C6A722AE6AD900487066 /* Debug */,
				2BC8C6A822AE6AD900487066 /* Release */,
			);
			defaultConfigurationIsVisible = 0;
			defaultConfigurationName = Release;
		};
/* End XCConfigurationList section */
	};
	rootObject = 2BC8C68A22AE6AD800487066 /* Project object */;
}
